// !$*UTF8*$!
{
	archiveVersion = 1;
	classes = {
	};
	objectVersion = 56;
	objects = {

/* Begin PBXBuildFile section */
		094E6B0F294F11E5003B452F /* LemonLicenseValidatorApp.swift in Sources */ = {isa = PBXBuildFile; fileRef = 094E6B0E294F11E5003B452F /* LemonLicenseValidatorApp.swift */; };
		094E6B11294F11E5003B452F /* ContentView.swift in Sources */ = {isa = PBXBuildFile; fileRef = 094E6B10294F11E5003B452F /* ContentView.swift */; };
		094E6B13294F11E7003B452F /* Assets.xcassets in Resources */ = {isa = PBXBuildFile; fileRef = 094E6B12294F11E7003B452F /* Assets.xcassets */; };
		094E6B16294F11E7003B452F /* Preview Assets.xcassets in Resources */ = {isa = PBXBuildFile; fileRef = 094E6B15294F11E7003B452F /* Preview Assets.xcassets */; };
		094E6B1F294F138D003B452F /* NSRegularExpression.swift in Sources */ = {isa = PBXBuildFile; fileRef = 094E6B1E294F138D003B452F /* NSRegularExpression.swift */; };
		094E6B24294F14D6003B452F /* ContentViewViewModel.swift in Sources */ = {isa = PBXBuildFile; fileRef = 094E6B23294F14D6003B452F /* ContentViewViewModel.swift */; };
/* End PBXBuildFile section */

/* Begin PBXFileReference section */
		094E6B0B294F11E5003B452F /* LemonLicenseValidator.app */ = {isa = PBXFileReference; explicitFileType = wrapper.application; includeInIndex = 0; path = LemonLicenseValidator.app; sourceTree = BUILT_PRODUCTS_DIR; };
		094E6B0E294F11E5003B452F /* LemonLicenseValidatorApp.swift */ = {isa = PBXFileReference; lastKnownFileType = sourcecode.swift; path = LemonLicenseValidatorApp.swift; sourceTree = "<group>"; };
		094E6B10294F11E5003B452F /* ContentView.swift */ = {isa = PBXFileReference; lastKnownFileType = sourcecode.swift; path = ContentView.swift; sourceTree = "<group>"; };
		094E6B12294F11E7003B452F /* Assets.xcassets */ = {isa = PBXFileReference; lastKnownFileType = folder.assetcatalog; path = Assets.xcassets; sourceTree = "<group>"; };
		094E6B15294F11E7003B452F /* Preview Assets.xcassets */ = {isa = PBXFileReference; lastKnownFileType = folder.assetcatalog; path = "Preview Assets.xcassets"; sourceTree = "<group>"; };
		094E6B17294F11E7003B452F /* LemonLicenseValidator.entitlements */ = {isa = PBXFileReference; lastKnownFileType = text.plist.entitlements; path = LemonLicenseValidator.entitlements; sourceTree = "<group>"; };
		094E6B1E294F138D003B452F /* NSRegularExpression.swift */ = {isa = PBXFileReference; lastKnownFileType = sourcecode.swift; path = NSRegularExpression.swift; sourceTree = "<group>"; };
		094E6B23294F14D6003B452F /* ContentViewViewModel.swift */ = {isa = PBXFileReference; lastKnownFileType = sourcecode.swift; path = ContentViewViewModel.swift; sourceTree = "<group>"; };
/* End PBXFileReference section */

/* Begin PBXFrameworksBuildPhase section */
		094E6B08294F11E5003B452F /* Frameworks */ = {
			isa = PBXFrameworksBuildPhase;
			buildActionMask = 2147483647;
			files = (
			);
			runOnlyForDeploymentPostprocessing = 0;
		};
/* End PBXFrameworksBuildPhase section */

/* Begin PBXGroup section */
		094E6B02294F11E5003B452F = {
			isa = PBXGroup;
			children = (
				094E6B0D294F11E5003B452F /* LemonLicenseValidator */,
				094E6B0C294F11E5003B452F /* Products */,
			);
			sourceTree = "<group>";
		};
		094E6B0C294F11E5003B452F /* Products */ = {
			isa = PBXGroup;
			children = (
				094E6B0B294F11E5003B452F /* LemonLicenseValidator.app */,
			);
			name = Products;
			sourceTree = "<group>";
		};
		094E6B0D294F11E5003B452F /* LemonLicenseValidator */ = {
			isa = PBXGroup;
			children = (
				094E6B22294F14BA003B452F /* ViewModels */,
				094E6B21294F14B2003B452F /* Views */,
				094E6B20294F14AB003B452F /* Models */,
				094E6B1D294F1374003B452F /* Extensions */,
				094E6B0E294F11E5003B452F /* LemonLicenseValidatorApp.swift */,
				094E6B10294F11E5003B452F /* ContentView.swift */,
				094E6B12294F11E7003B452F /* Assets.xcassets */,
				094E6B17294F11E7003B452F /* LemonLicenseValidator.entitlements */,
				094E6B14294F11E7003B452F /* Preview Content */,
			);
			path = LemonLicenseValidator;
			sourceTree = "<group>";
		};
		094E6B14294F11E7003B452F /* Preview Content */ = {
			isa = PBXGroup;
			children = (
				094E6B15294F11E7003B452F /* Preview Assets.xcassets */,
			);
			path = "Preview Content";
			sourceTree = "<group>";
		};
		094E6B1D294F1374003B452F /* Extensions */ = {
			isa = PBXGroup;
			children = (
				094E6B1E294F138D003B452F /* NSRegularExpression.swift */,
			);
			path = Extensions;
			sourceTree = "<group>";
		};
		094E6B20294F14AB003B452F /* Models */ = {
			isa = PBXGroup;
			children = (
			);
			path = Models;
			sourceTree = "<group>";
		};
		094E6B21294F14B2003B452F /* Views */ = {
			isa = PBXGroup;
			children = (
			);
			path = Views;
			sourceTree = "<group>";
		};
		094E6B22294F14BA003B452F /* ViewModels */ = {
			isa = PBXGroup;
			children = (
				094E6B23294F14D6003B452F /* ContentViewViewModel.swift */,
			);
			path = ViewModels;
			sourceTree = "<group>";
		};
/* End PBXGroup section */

/* Begin PBXNativeTarget section */
		094E6B0A294F11E5003B452F /* LemonLicenseValidator */ = {
			isa = PBXNativeTarget;
			buildConfigurationList = 094E6B1A294F11E7003B452F /* Build configuration list for PBXNativeTarget "LemonLicenseValidator" */;
			buildPhases = (
				094E6B07294F11E5003B452F /* Sources */,
				094E6B08294F11E5003B452F /* Frameworks */,
				094E6B09294F11E5003B452F /* Resources */,
			);
			buildRules = (
			);
			dependencies = (
			);
			name = LemonLicenseValidator;
			productName = LemonLicenseValidator;
			productReference = 094E6B0B294F11E5003B452F /* LemonLicenseValidator.app */;
			productType = "com.apple.product-type.application";
		};
/* End PBXNativeTarget section */

/* Begin PBXProject section */
		094E6B03294F11E5003B452F /* Project object */ = {
			isa = PBXProject;
			attributes = {
				BuildIndependentTargetsInParallel = 1;
				LastSwiftUpdateCheck = 1410;
				LastUpgradeCheck = 1410;
				TargetAttributes = {
					094E6B0A294F11E5003B452F = {
						CreatedOnToolsVersion = 14.1;
					};
				};
			};
			buildConfigurationList = 094E6B06294F11E5003B452F /* Build configuration list for PBXProject "LemonLicenseValidator" */;
			compatibilityVersion = "Xcode 14.0";
			developmentRegion = en;
			hasScannedForEncodings = 0;
			knownRegions = (
				en,
				Base,
			);
			mainGroup = 094E6B02294F11E5003B452F;
			productRefGroup = 094E6B0C294F11E5003B452F /* Products */;
			projectDirPath = "";
			projectRoot = "";
			targets = (
				094E6B0A294F11E5003B452F /* LemonLicenseValidator */,
			);
		};
/* End PBXProject section */

/* Begin PBXResourcesBuildPhase section */
		094E6B09294F11E5003B452F /* Resources */ = {
			isa = PBXResourcesBuildPhase;
			buildActionMask = 2147483647;
			files = (
				094E6B16294F11E7003B452F /* Preview Assets.xcassets in Resources */,
				094E6B13294F11E7003B452F /* Assets.xcassets in Resources */,
			);
			runOnlyForDeploymentPostprocessing = 0;
		};
/* End PBXResourcesBuildPhase section */

/* Begin PBXSourcesBuildPhase section */
		094E6B07294F11E5003B452F /* Sources */ = {
			isa = PBXSourcesBuildPhase;
			buildActionMask = 2147483647;
			files = (
				094E6B1F294F138D003B452F /* NSRegularExpression.swift in Sources */,
				094E6B11294F11E5003B452F /* ContentView.swift in Sources */,
				094E6B0F294F11E5003B452F /* LemonLicenseValidatorApp.swift in Sources */,
				094E6B24294F14D6003B452F /* ContentViewViewModel.swift in Sources */,
			);
			runOnlyForDeploymentPostprocessing = 0;
		};
/* End PBXSourcesBuildPhase section */

/* Begin XCBuildConfiguration section */
		094E6B18294F11E7003B452F /* Debug */ = {
			isa = XCBuildConfiguration;
			buildSettings = {
				ALWAYS_SEARCH_USER_PATHS = NO;
				CLANG_ANALYZER_NONNULL = YES;
				CLANG_ANALYZER_NUMBER_OBJECT_CONVERSION = YES_AGGRESSIVE;
				CLANG_CXX_LANGUAGE_STANDARD = "gnu++20";
				CLANG_ENABLE_MODULES = YES;
				CLANG_ENABLE_OBJC_ARC = YES;
				CLANG_ENABLE_OBJC_WEAK = YES;
				CLANG_WARN_BLOCK_CAPTURE_AUTORELEASING = YES;
				CLANG_WARN_BOOL_CONVERSION = YES;
				CLANG_WARN_COMMA = YES;
				CLANG_WARN_CONSTANT_CONVERSION = YES;
				CLANG_WARN_DEPRECATED_OBJC_IMPLEMENTATIONS = YES;
				CLANG_WARN_DIRECT_OBJC_ISA_USAGE = YES_ERROR;
				CLANG_WARN_DOCUMENTATION_COMMENTS = YES;
				CLANG_WARN_EMPTY_BODY = YES;
				CLANG_WARN_ENUM_CONVERSION = YES;
				CLANG_WARN_INFINITE_RECURSION = YES;
				CLANG_WARN_INT_CONVERSION = YES;
				CLANG_WARN_NON_LITERAL_NULL_CONVERSION = YES;
				CLANG_WARN_OBJC_IMPLICIT_RETAIN_SELF = YES;
				CLANG_WARN_OBJC_LITERAL_CONVERSION = YES;
				CLANG_WARN_OBJC_ROOT_CLASS = YES_ERROR;
				CLANG_WARN_QUOTED_INCLUDE_IN_FRAMEWORK_HEADER = YES;
				CLANG_WARN_RANGE_LOOP_ANALYSIS = YES;
				CLANG_WARN_STRICT_PROTOTYPES = YES;
				CLANG_WARN_SUSPICIOUS_MOVE = YES;
				CLANG_WARN_UNGUARDED_AVAILABILITY = YES_AGGRESSIVE;
				CLANG_WARN_UNREACHABLE_CODE = YES;
				CLANG_WARN__DUPLICATE_METHOD_MATCH = YES;
				COPY_PHASE_STRIP = NO;
				DEBUG_INFORMATION_FORMAT = dwarf;
				ENABLE_STRICT_OBJC_MSGSEND = YES;
				ENABLE_TESTABILITY = YES;
				GCC_C_LANGUAGE_STANDARD = gnu11;
				GCC_DYNAMIC_NO_PIC = NO;
				GCC_NO_COMMON_BLOCKS = YES;
				GCC_OPTIMIZATION_LEVEL = 0;
				GCC_PREPROCESSOR_DEFINITIONS = (
					"DEBUG=1",
					"$(inherited)",
				);
				GCC_WARN_64_TO_32_BIT_CONVERSION = YES;
				GCC_WARN_ABOUT_RETURN_TYPE = YES_ERROR;
				GCC_WARN_UNDECLARED_SELECTOR = YES;
				GCC_WARN_UNINITIALIZED_AUTOS = YES_AGGRESSIVE;
				GCC_WARN_UNUSED_FUNCTION = YES;
				GCC_WARN_UNUSED_VARIABLE = YES;
				MACOSX_DEPLOYMENT_TARGET = 13.0;
				MTL_ENABLE_DEBUG_INFO = INCLUDE_SOURCE;
				MTL_FAST_MATH = YES;
				ONLY_ACTIVE_ARCH = YES;
				SDKROOT = macosx;
				SWIFT_ACTIVE_COMPILATION_CONDITIONS = DEBUG;
				SWIFT_OPTIMIZATION_LEVEL = "-Onone";
			};
			name = Debug;
		};
		094E6B19294F11E7003B452F /* Release */ = {
			isa = XCBuildConfiguration;
			buildSettings = {
				ALWAYS_SEARCH_USER_PATHS = NO;
				CLANG_ANALYZER_NONNULL = YES;
				CLANG_ANALYZER_NUMBER_OBJECT_CONVERSION = YES_AGGRESSIVE;
				CLANG_CXX_LANGUAGE_STANDARD = "gnu++20";
				CLANG_ENABLE_MODULES = YES;
				CLANG_ENABLE_OBJC_ARC = YES;
				CLANG_ENABLE_OBJC_WEAK = YES;
				CLANG_WARN_BLOCK_CAPTURE_AUTORELEASING = YES;
				CLANG_WARN_BOOL_CONVERSION = YES;
				CLANG_WARN_COMMA = YES;
				CLANG_WARN_CONSTANT_CONVERSION = YES;
				CLANG_WARN_DEPRECATED_OBJC_IMPLEMENTATIONS = YES;
				CLANG_WARN_DIRECT_OBJC_ISA_USAGE = YES_ERROR;
				CLANG_WARN_DOCUMENTATION_COMMENTS = YES;
				CLANG_WARN_EMPTY_BODY = YES;
				CLANG_WARN_ENUM_CONVERSION = YES;
				CLANG_WARN_INFINITE_RECURSION = YES;
				CLANG_WARN_INT_CONVERSION = YES;
				CLANG_WARN_NON_LITERAL_NULL_CONVERSION = YES;
				CLANG_WARN_OBJC_IMPLICIT_RETAIN_SELF = YES;
				CLANG_WARN_OBJC_LITERAL_CONVERSION = YES;
				CLANG_WARN_OBJC_ROOT_CLASS = YES_ERROR;
				CLANG_WARN_QUOTED_INCLUDE_IN_FRAMEWORK_HEADER = YES;
				CLANG_WARN_RANGE_LOOP_ANALYSIS = YES;
				CLANG_WARN_STRICT_PROTOTYPES = YES;
				CLANG_WARN_SUSPICIOUS_MOVE = YES;
				CLANG_WARN_UNGUARDED_AVAILABILITY = YES_AGGRESSIVE;
				CLANG_WARN_UNREACHABLE_CODE = YES;
				CLANG_WARN__DUPLICATE_METHOD_MATCH = YES;
				COPY_PHASE_STRIP = NO;
				DEBUG_INFORMATION_FORMAT = "dwarf-with-dsym";
				ENABLE_NS_ASSERTIONS = NO;
				ENABLE_STRICT_OBJC_MSGSEND = YES;
				GCC_C_LANGUAGE_STANDARD = gnu11;
				GCC_NO_COMMON_BLOCKS = YES;
				GCC_WARN_64_TO_32_BIT_CONVERSION = YES;
				GCC_WARN_ABOUT_RETURN_TYPE = YES_ERROR;
				GCC_WARN_UNDECLARED_SELECTOR = YES;
				GCC_WARN_UNINITIALIZED_AUTOS = YES_AGGRESSIVE;
				GCC_WARN_UNUSED_FUNCTION = YES;
				GCC_WARN_UNUSED_VARIABLE = YES;
				MACOSX_DEPLOYMENT_TARGET = 13.0;
				MTL_ENABLE_DEBUG_INFO = NO;
				MTL_FAST_MATH = YES;
				SDKROOT = macosx;
				SWIFT_COMPILATION_MODE = wholemodule;
				SWIFT_OPTIMIZATION_LEVEL = "-O";
			};
			name = Release;
		};
		094E6B1B294F11E7003B452F /* Debug */ = {
			isa = XCBuildConfiguration;
			buildSettings = {
				ASSETCATALOG_COMPILER_APPICON_NAME = AppIcon;
				ASSETCATALOG_COMPILER_GLOBAL_ACCENT_COLOR_NAME = AccentColor;
				CODE_SIGN_ENTITLEMENTS = LemonLicenseValidator/LemonLicenseValidator.entitlements;
				CODE_SIGN_STYLE = Automatic;
				COMBINE_HIDPI_IMAGES = YES;
				CURRENT_PROJECT_VERSION = 1;
				DEVELOPMENT_ASSET_PATHS = "\"LemonLicenseValidator/Preview Content\"";
				DEVELOPMENT_TEAM = 7CN3F7BP3S;
				ENABLE_HARDENED_RUNTIME = YES;
				ENABLE_PREVIEWS = YES;
				GENERATE_INFOPLIST_FILE = YES;
				INFOPLIST_KEY_NSHumanReadableCopyright = "";
				LD_RUNPATH_SEARCH_PATHS = (
					"$(inherited)",
					"@executable_path/../Frameworks",
				);
				MARKETING_VERSION = 1.0;
				PRODUCT_BUNDLE_IDENTIFIER = matteospada.it.LemonLicenseValidator;
				PRODUCT_NAME = "$(TARGET_NAME)";
				SWIFT_EMIT_LOC_STRINGS = YES;
				SWIFT_VERSION = 5.0;
			};
			name = Debug;
		};
		094E6B1C294F11E7003B452F /* Release */ = {
			isa = XCBuildConfiguration;
			buildSettings = {
				ASSETCATALOG_COMPILER_APPICON_NAME = AppIcon;
				ASSETCATALOG_COMPILER_GLOBAL_ACCENT_COLOR_NAME = AccentColor;
				CODE_SIGN_ENTITLEMENTS = LemonLicenseValidator/LemonLicenseValidator.entitlements;
				CODE_SIGN_STYLE = Automatic;
				COMBINE_HIDPI_IMAGES = YES;
				CURRENT_PROJECT_VERSION = 1;
				DEVELOPMENT_ASSET_PATHS = "\"LemonLicenseValidator/Preview Content\"";
				DEVELOPMENT_TEAM = 7CN3F7BP3S;
				ENABLE_HARDENED_RUNTIME = YES;
				ENABLE_PREVIEWS = YES;
				GENERATE_INFOPLIST_FILE = YES;
				INFOPLIST_KEY_NSHumanReadableCopyright = "";
				LD_RUNPATH_SEARCH_PATHS = (
					"$(inherited)",
					"@executable_path/../Frameworks",
				);
				MARKETING_VERSION = 1.0;
				PRODUCT_BUNDLE_IDENTIFIER = matteospada.it.LemonLicenseValidator;
				PRODUCT_NAME = "$(TARGET_NAME)";
				SWIFT_EMIT_LOC_STRINGS = YES;
				SWIFT_VERSION = 5.0;
			};
			name = Release;
		};
/* End XCBuildConfiguration section */

/* Begin XCConfigurationList section */
		094E6B06294F11E5003B452F /* Build configuration list for PBXProject "LemonLicenseValidator" */ = {
			isa = XCConfigurationList;
			buildConfigurations = (
				094E6B18294F11E7003B452F /* Debug */,
				094E6B19294F11E7003B452F /* Release */,
			);
			defaultConfigurationIsVisible = 0;
			defaultConfigurationName = Release;
		};
		094E6B1A294F11E7003B452F /* Build configuration list for PBXNativeTarget "LemonLicenseValidator" */ = {
			isa = XCConfigurationList;
			buildConfigurations = (
				094E6B1B294F11E7003B452F /* Debug */,
				094E6B1C294F11E7003B452F /* Release */,
			);
			defaultConfigurationIsVisible = 0;
			defaultConfigurationName = Release;
		};
/* End XCConfigurationList section */
	};
	rootObject = 094E6B03294F11E5003B452F /* Project object */;
}
